
Microsoft Visual Studio Solution File, Format Version 12.00
# Visual Studio Version 17
VisualStudioVersion = 17.11.35312.102
MinimumVisualStudioVersion = 10.0.40219.1
Project("{9A19103F-16F7-4668-BE54-9A1E7A4F7556}") = "InventoryManagementSystem.WPF", "InventoryManagementSystem.WPF.csproj", "{0255D716-6F85-45AE-A795-75BC541A6C4C}"
EndProject
Project("{FAE04EC0-301F-11D3-BF4B-00C04F79EFBC}") = "InventoryManagementSystem.Domain", "..\InventoryManagementSystem.Domain\InventoryManagementSystem.Domain.csproj", "{73C68E65-3186-4BF0-AA9F-CE77D66B277B}"
EndProject
Project("{FAE04EC0-301F-11D3-BF4B-00C04F79EFBC}") = "InventoryManagementSystem.Infra", "..\InventoryManagementSystem.Infra\InventoryManagementSystem.Infra.csproj", "{30DBD323-3CFC-4D84-9EA6-AFC789E7A3C2}"
EndProject
Project("{FAE04EC0-301F-11D3-BF4B-00C04F79EFBC}") = "InventoryManagementSystem.Tests", "..\InventoryManagementSystem.Tests\InventoryManagementSystem.Tests.csproj", "{BB567976-F3F4-4A4F-B515-E067BC480D7C}"
EndProject
Global
	GlobalSection(SolutionConfigurationPlatforms) = preSolution
		Debug|Any CPU = Debug|Any CPU
		Release|Any CPU = Release|Any CPU
	EndGlobalSection
	GlobalSection(ProjectConfigurationPlatforms) = postSolution
		{0255D716-6F85-45AE-A795-75BC541A6C4C}.Debug|Any CPU.ActiveCfg = Debug|Any CPU
		{0255D716-6F85-45AE-A795-75BC541A6C4C}.Debug|Any CPU.Build.0 = Debug|Any CPU
		{0255D716-6F85-45AE-A795-75BC541A6C4C}.Release|Any CPU.ActiveCfg = Release|Any CPU
		{0255D716-6F85-45AE-A795-75BC541A6C4C}.Release|Any CPU.Build.0 = Release|Any CPU
		{73C68E65-3186-4BF0-AA9F-CE77D66B277B}.Debug|Any CPU.ActiveCfg = Debug|Any CPU
		{73C68E65-3186-4BF0-AA9F-CE77D66B277B}.Debug|Any CPU.Build.0 = Debug|Any CPU
		{73C68E65-3186-4BF0-AA9F-CE77D66B277B}.Release|Any CPU.ActiveCfg = Release|Any CPU
		{73C68E65-3186-4BF0-AA9F-CE77D66B277B}.Release|Any CPU.Build.0 = Release|Any CPU
		{30DBD323-3CFC-4D84-9EA6-AFC789E7A3C2}.Debug|Any CPU.ActiveCfg = Debug|Any CPU
		{30DBD323-3CFC-4D84-9EA6-AFC789E7A3C2}.Debug|Any CPU.Build.0 = Debug|Any CPU
		{30DBD323-3CFC-4D84-9EA6-AFC789E7A3C2}.Release|Any CPU.ActiveCfg = Release|Any CPU
		{30DBD323-3CFC-4D84-9EA6-AFC789E7A3C2}.Release|Any CPU.Build.0 = Release|Any CPU
		{BB567976-F3F4-4A4F-B515-E067BC480D7C}.Debug|Any CPU.ActiveCfg = Debug|Any CPU
		{BB567976-F3F4-4A4F-B515-E067BC480D7C}.Debug|Any CPU.Build.0 = Debug|Any CPU
		{BB567976-F3F4-4A4F-B515-E067BC480D7C}.Release|Any CPU.ActiveCfg = Release|Any CPU
		{BB567976-F3F4-4A4F-B515-E067BC480D7C}.Release|Any CPU.Build.0 = Release|Any CPU
	EndGlobalSection
	GlobalSection(SolutionProperties) = preSolution
		HideSolutionNode = FALSE
	EndGlobalSection
	GlobalSection(ExtensibilityGlobals) = postSolution
		SolutionGuid = {A06F52FA-6BC1-43E9-B394-0DDFEFF1D858}
	EndGlobalSection
EndGlobal
